
Microsoft Visual Studio Solution File, Format Version 12.00
# Visual Studio Version 17
VisualStudioVersion = 17.5.33424.131
MinimumVisualStudioVersion = 10.0.40219.1
Project("{888888A0-9F3D-457C-B088-3A5042F75D52}") = "Colorimetry", "Colorimetry.pyproj", "{243A98BC-7871-4B58-9BBD-B1C75BD40BDB}"
EndProject
Global
	GlobalSection(SolutionConfigurationPlatforms) = preSolution
		Debug|Any CPU = Debug|Any CPU
		Release|Any CPU = Release|Any CPU
	EndGlobalSection
	GlobalSection(ProjectConfigurationPlatforms) = postSolution
		{243A98BC-7871-4B58-9BBD-B1C75BD40BDB}.Debug|Any CPU.ActiveCfg = Debug|Any CPU
		{243A98BC-7871-4B58-9BBD-B1C75BD40BDB}.Release|Any CPU.ActiveCfg = Release|Any CPU
	EndGlobalSection
	GlobalSection(SolutionProperties) = preSolution
		HideSolutionNode = FALSE
	EndGlobalSection
	GlobalSection(ExtensibilityGlobals) = postSolution
		SolutionGuid = {B7F6F260-5992-41C7-AC23-094E6D3D5129}
	EndGlobalSection
EndGlobal
